
Microsoft Visual Studio Solution File, Format Version 12.00
# Visual Studio Version 16
VisualStudioVersion = 25.0.1706.8
MinimumVisualStudioVersion = 10.0.40219.1
Project("{FAE04EC0-301F-11D3-BF4B-00C04F79EFBC}") = "Trucks.API", "Trucks.API.csproj", "{0304DB0C-63FA-4303-8BED-238EEE2229D5}"
EndProject
Project("{FAE04EC0-301F-11D3-BF4B-00C04F79EFBC}") = "Trucks.API.Tests", "..\Trucks.API.Tests\Trucks.API.Tests.csproj", "{B1B95780-11D8-43D2-BAAF-3261010A84CD}"
EndProject
Global
	GlobalSection(SolutionConfigurationPlatforms) = preSolution
		Debug|Any CPU = Debug|Any CPU
		Release|Any CPU = Release|Any CPU
	EndGlobalSection
	GlobalSection(ProjectConfigurationPlatforms) = postSolution
		{0304DB0C-63FA-4303-8BED-238EEE2229D5}.Debug|Any CPU.ActiveCfg = Debug|Any CPU
		{0304DB0C-63FA-4303-8BED-238EEE2229D5}.Debug|Any CPU.Build.0 = Debug|Any CPU
		{0304DB0C-63FA-4303-8BED-238EEE2229D5}.Release|Any CPU.ActiveCfg = Release|Any CPU
		{0304DB0C-63FA-4303-8BED-238EEE2229D5}.Release|Any CPU.Build.0 = Release|Any CPU
		{03C8DC35-5330-4715-A88D-0E3A4E14C6FD}.Debug|Any CPU.ActiveCfg = Debug|Any CPU
		{03C8DC35-5330-4715-A88D-0E3A4E14C6FD}.Debug|Any CPU.Build.0 = Debug|Any CPU
		{03C8DC35-5330-4715-A88D-0E3A4E14C6FD}.Release|Any CPU.ActiveCfg = Release|Any CPU
		{03C8DC35-5330-4715-A88D-0E3A4E14C6FD}.Release|Any CPU.Build.0 = Release|Any CPU
		{1C21EF2E-C3AC-467F-B4DC-8ED1CA25EF2B}.Debug|Any CPU.ActiveCfg = Debug|Any CPU
		{1C21EF2E-C3AC-467F-B4DC-8ED1CA25EF2B}.Debug|Any CPU.Build.0 = Debug|Any CPU
		{1C21EF2E-C3AC-467F-B4DC-8ED1CA25EF2B}.Release|Any CPU.ActiveCfg = Release|Any CPU
		{1C21EF2E-C3AC-467F-B4DC-8ED1CA25EF2B}.Release|Any CPU.Build.0 = Release|Any CPU
		{B1B95780-11D8-43D2-BAAF-3261010A84CD}.Debug|Any CPU.ActiveCfg = Debug|Any CPU
		{B1B95780-11D8-43D2-BAAF-3261010A84CD}.Debug|Any CPU.Build.0 = Debug|Any CPU
		{B1B95780-11D8-43D2-BAAF-3261010A84CD}.Release|Any CPU.ActiveCfg = Release|Any CPU
		{B1B95780-11D8-43D2-BAAF-3261010A84CD}.Release|Any CPU.Build.0 = Release|Any CPU
	EndGlobalSection
	GlobalSection(SolutionProperties) = preSolution
		HideSolutionNode = FALSE
	EndGlobalSection
	GlobalSection(ExtensibilityGlobals) = postSolution
		SolutionGuid = {2E1DD723-458A-4845-8C8A-3AE24CDA5C22}
	EndGlobalSection
EndGlobal
